// !$*UTF8*$!
{
	archiveVersion = 1;
	classes = {
	};
	objectVersion = 50;
	objects = {

/* Begin PBXBuildFile section */
		E7076993224B00AD00F78CF2 /* Course.cpp in Sources */ = {isa = PBXBuildFile; fileRef = E7076992224B00AD00F78CF2 /* Course.cpp */; };
		E7076995224B00C000F78CF2 /* Registrar.cpp in Sources */ = {isa = PBXBuildFile; fileRef = E7076994224B00C000F78CF2 /* Registrar.cpp */; };
		E780DC63224AE38B00A38332 /* A5Driver.cpp in Sources */ = {isa = PBXBuildFile; fileRef = E780DC62224AE38B00A38332 /* A5Driver.cpp */; };
		E780DC6B224AE3A300A38332 /* Student.cpp in Sources */ = {isa = PBXBuildFile; fileRef = E780DC69224AE3A300A38332 /* Student.cpp */; };
/* End PBXBuildFile section */

/* Begin PBXCopyFilesBuildPhase section */
		E780DC5D224AE38B00A38332 /* CopyFiles */ = {
			isa = PBXCopyFilesBuildPhase;
			buildActionMask = 2147483647;
			dstPath = /usr/share/man/man1/;
			dstSubfolderSpec = 0;
			files = (
			);
			runOnlyForDeploymentPostprocessing = 1;
		};
/* End PBXCopyFilesBuildPhase section */

/* Begin PBXFileReference section */
		E7076992224B00AD00F78CF2 /* Course.cpp */ = {isa = PBXFileReference; lastKnownFileType = sourcecode.cpp.cpp; path = Course.cpp; sourceTree = "<group>"; };
		E7076994224B00C000F78CF2 /* Registrar.cpp */ = {isa = PBXFileReference; lastKnownFileType = sourcecode.cpp.cpp; path = Registrar.cpp; sourceTree = "<group>"; };
		E780DC5F224AE38B00A38332 /* a5 */ = {isa = PBXFileReference; explicitFileType = "compiled.mach-o.executable"; includeInIndex = 0; path = a5; sourceTree = BUILT_PRODUCTS_DIR; };
		E780DC62224AE38B00A38332 /* A5Driver.cpp */ = {isa = PBXFileReference; lastKnownFileType = sourcecode.cpp.cpp; path = A5Driver.cpp; sourceTree = "<group>"; };
		E780DC69224AE3A300A38332 /* Student.cpp */ = {isa = PBXFileReference; lastKnownFileType = sourcecode.cpp.cpp; path = Student.cpp; sourceTree = "<group>"; };
		E780DC6A224AE3A300A38332 /* Student.h */ = {isa = PBXFileReference; explicitFileType = sourcecode.cpp.h; path = Student.h; sourceTree = "<group>"; };
		E780DC6D224AF0A000A38332 /* Course.h */ = {isa = PBXFileReference; explicitFileType = sourcecode.cpp.h; path = Course.h; sourceTree = "<group>"; };
		E780DC6E224AF4E700A38332 /* Registrar.h */ = {isa = PBXFileReference; explicitFileType = sourcecode.cpp.h; path = Registrar.h; sourceTree = "<group>"; };
/* End PBXFileReference section */

/* Begin PBXFrameworksBuildPhase section */
		E780DC5C224AE38B00A38332 /* Frameworks */ = {
			isa = PBXFrameworksBuildPhase;
			buildActionMask = 2147483647;
			files = (
			);
			runOnlyForDeploymentPostprocessing = 0;
		};
/* End PBXFrameworksBuildPhase section */

/* Begin PBXGroup section */
		E780DC56224AE38B00A38332 = {
			isa = PBXGroup;
			children = (
				E780DC61224AE38B00A38332 /* a5 */,
				E780DC60224AE38B00A38332 /* Products */,
			);
			sourceTree = "<group>";
		};
		E780DC60224AE38B00A38332 /* Products */ = {
			isa = PBXGroup;
			children = (
				E780DC5F224AE38B00A38332 /* a5 */,
			);
			name = Products;
			sourceTree = "<group>";
		};
		E780DC61224AE38B00A38332 /* a5 */ = {
			isa = PBXGroup;
			children = (
				E780DC62224AE38B00A38332 /* A5Driver.cpp */,
				E780DC69224AE3A300A38332 /* Student.cpp */,
				E780DC6A224AE3A300A38332 /* Student.h */,
				E7076992224B00AD00F78CF2 /* Course.cpp */,
				E780DC6D224AF0A000A38332 /* Course.h */,
				E7076994224B00C000F78CF2 /* Registrar.cpp */,
				E780DC6E224AF4E700A38332 /* Registrar.h */,
			);
			path = a5;
			sourceTree = "<group>";
		};
/* End PBXGroup section */

/* Begin PBXNativeTarget section */
		E780DC5E224AE38B00A38332 /* a5 */ = {
			isa = PBXNativeTarget;
			buildConfigurationList = E780DC66224AE38B00A38332 /* Build configuration list for PBXNativeTarget "a5" */;
			buildPhases = (
				E780DC5B224AE38B00A38332 /* Sources */,
				E780DC5C224AE38B00A38332 /* Frameworks */,
				E780DC5D224AE38B00A38332 /* CopyFiles */,
			);
			buildRules = (
			);
			dependencies = (
			);
			name = a5;
			productName = a5;
			productReference = E780DC5F224AE38B00A38332 /* a5 */;
			productType = "com.apple.product-type.tool";
		};
/* End PBXNativeTarget section */

/* Begin PBXProject section */
		E780DC57224AE38B00A38332 /* Project object */ = {
			isa = PBXProject;
			attributes = {
				LastUpgradeCheck = 1010;
				ORGANIZATIONNAME = "Cornelius Smith";
				TargetAttributes = {
					E780DC5E224AE38B00A38332 = {
						CreatedOnToolsVersion = 10.1;
					};
				};
			};
			buildConfigurationList = E780DC5A224AE38B00A38332 /* Build configuration list for PBXProject "a5" */;
			compatibilityVersion = "Xcode 9.3";
			developmentRegion = en;
			hasScannedForEncodings = 0;
			knownRegions = (
				en,
			);
			mainGroup = E780DC56224AE38B00A38332;
			productRefGroup = E780DC60224AE38B00A38332 /* Products */;
			projectDirPath = "";
			projectRoot = "";
			targets = (
				E780DC5E224AE38B00A38332 /* a5 */,
			);
		};
/* End PBXProject section */

/* Begin PBXSourcesBuildPhase section */
		E780DC5B224AE38B00A38332 /* Sources */ = {
			isa = PBXSourcesBuildPhase;
			buildActionMask = 2147483647;
			files = (
				E780DC63224AE38B00A38332 /* A5Driver.cpp in Sources */,
				E7076995224B00C000F78CF2 /* Registrar.cpp in Sources */,
				E780DC6B224AE3A300A38332 /* Student.cpp in Sources */,
				E7076993224B00AD00F78CF2 /* Course.cpp in Sources */,
			);
			runOnlyForDeploymentPostprocessing = 0;
		};
/* End PBXSourcesBuildPhase section */

/* Begin XCBuildConfiguration section */
		E780DC64224AE38B00A38332 /* Debug */ = {
			isa = XCBuildConfiguration;
			buildSettings = {
				ALWAYS_SEARCH_USER_PATHS = NO;
				CLANG_ANALYZER_NONNULL = YES;
				CLANG_ANALYZER_NUMBER_OBJECT_CONVERSION = YES_AGGRESSIVE;
				CLANG_CXX_LANGUAGE_STANDARD = "gnu++14";
				CLANG_CXX_LIBRARY = "libc++";
				CLANG_ENABLE_MODULES = YES;
				CLANG_ENABLE_OBJC_ARC = YES;
				CLANG_ENABLE_OBJC_WEAK = YES;
				CLANG_WARN_BLOCK_CAPTURE_AUTORELEASING = YES;
				CLANG_WARN_BOOL_CONVERSION = YES;
				CLANG_WARN_COMMA = YES;
				CLANG_WARN_CONSTANT_CONVERSION = YES;
				CLANG_WARN_DEPRECATED_OBJC_IMPLEMENTATIONS = YES;
				CLANG_WARN_DIRECT_OBJC_ISA_USAGE = YES_ERROR;
				CLANG_WARN_DOCUMENTATION_COMMENTS = YES;
				CLANG_WARN_EMPTY_BODY = YES;
				CLANG_WARN_ENUM_CONVERSION = YES;
				CLANG_WARN_INFINITE_RECURSION = YES;
				CLANG_WARN_INT_CONVERSION = YES;
				CLANG_WARN_NON_LITERAL_NULL_CONVERSION = YES;
				CLANG_WARN_OBJC_IMPLICIT_RETAIN_SELF = YES;
				CLANG_WARN_OBJC_LITERAL_CONVERSION = YES;
				CLANG_WARN_OBJC_ROOT_CLASS = YES_ERROR;
				CLANG_WARN_RANGE_LOOP_ANALYSIS = YES;
				CLANG_WARN_STRICT_PROTOTYPES = YES;
				CLANG_WARN_SUSPICIOUS_MOVE = YES;
				CLANG_WARN_UNGUARDED_AVAILABILITY = YES_AGGRESSIVE;
				CLANG_WARN_UNREACHABLE_CODE = YES;
				CLANG_WARN__DUPLICATE_METHOD_MATCH = YES;
				CODE_SIGN_IDENTITY = "-";
				COPY_PHASE_STRIP = NO;
				DEBUG_INFORMATION_FORMAT = dwarf;
				ENABLE_STRICT_OBJC_MSGSEND = YES;
				ENABLE_TESTABILITY = YES;
				GCC_C_LANGUAGE_STANDARD = gnu11;
				GCC_DYNAMIC_NO_PIC = NO;
				GCC_NO_COMMON_BLOCKS = YES;
				GCC_OPTIMIZATION_LEVEL = 0;
				GCC_PREPROCESSOR_DEFINITIONS = (
					"DEBUG=1",
					"$(inherited)",
				);
				GCC_WARN_64_TO_32_BIT_CONVERSION = YES;
				GCC_WARN_ABOUT_RETURN_TYPE = YES_ERROR;
				GCC_WARN_UNDECLARED_SELECTOR = YES;
				GCC_WARN_UNINITIALIZED_AUTOS = YES_AGGRESSIVE;
				GCC_WARN_UNUSED_FUNCTION = YES;
				GCC_WARN_UNUSED_VARIABLE = YES;
				MACOSX_DEPLOYMENT_TARGET = 10.14;
				MTL_ENABLE_DEBUG_INFO = INCLUDE_SOURCE;
				MTL_FAST_MATH = YES;
				ONLY_ACTIVE_ARCH = YES;
				SDKROOT = macosx;
			};
			name = Debug;
		};
		E780DC65224AE38B00A38332 /* Release */ = {
			isa = XCBuildConfiguration;
			buildSettings = {
				ALWAYS_SEARCH_USER_PATHS = NO;
				CLANG_ANALYZER_NONNULL = YES;
				CLANG_ANALYZER_NUMBER_OBJECT_CONVERSION = YES_AGGRESSIVE;
				CLANG_CXX_LANGUAGE_STANDARD = "gnu++14";
				CLANG_CXX_LIBRARY = "libc++";
				CLANG_ENABLE_MODULES = YES;
				CLANG_ENABLE_OBJC_ARC = YES;
				CLANG_ENABLE_OBJC_WEAK = YES;
				CLANG_WARN_BLOCK_CAPTURE_AUTORELEASING = YES;
				CLANG_WARN_BOOL_CONVERSION = YES;
				CLANG_WARN_COMMA = YES;
				CLANG_WARN_CONSTANT_CONVERSION = YES;
				CLANG_WARN_DEPRECATED_OBJC_IMPLEMENTATIONS = YES;
				CLANG_WARN_DIRECT_OBJC_ISA_USAGE = YES_ERROR;
				CLANG_WARN_DOCUMENTATION_COMMENTS = YES;
				CLANG_WARN_EMPTY_BODY = YES;
				CLANG_WARN_ENUM_CONVERSION = YES;
				CLANG_WARN_INFINITE_RECURSION = YES;
				CLANG_WARN_INT_CONVERSION = YES;
				CLANG_WARN_NON_LITERAL_NULL_CONVERSION = YES;
				CLANG_WARN_OBJC_IMPLICIT_RETAIN_SELF = YES;
				CLANG_WARN_OBJC_LITERAL_CONVERSION = YES;
				CLANG_WARN_OBJC_ROOT_CLASS = YES_ERROR;
				CLANG_WARN_RANGE_LOOP_ANALYSIS = YES;
				CLANG_WARN_STRICT_PROTOTYPES = YES;
				CLANG_WARN_SUSPICIOUS_MOVE = YES;
				CLANG_WARN_UNGUARDED_AVAILABILITY = YES_AGGRESSIVE;
				CLANG_WARN_UNREACHABLE_CODE = YES;
				CLANG_WARN__DUPLICATE_METHOD_MATCH = YES;
				CODE_SIGN_IDENTITY = "-";
				COPY_PHASE_STRIP = NO;
				DEBUG_INFORMATION_FORMAT = "dwarf-with-dsym";
				ENABLE_NS_ASSERTIONS = NO;
				ENABLE_STRICT_OBJC_MSGSEND = YES;
				GCC_C_LANGUAGE_STANDARD = gnu11;
				GCC_NO_COMMON_BLOCKS = YES;
				GCC_WARN_64_TO_32_BIT_CONVERSION = YES;
				GCC_WARN_ABOUT_RETURN_TYPE = YES_ERROR;
				GCC_WARN_UNDECLARED_SELECTOR = YES;
				GCC_WARN_UNINITIALIZED_AUTOS = YES_AGGRESSIVE;
				GCC_WARN_UNUSED_FUNCTION = YES;
				GCC_WARN_UNUSED_VARIABLE = YES;
				MACOSX_DEPLOYMENT_TARGET = 10.14;
				MTL_ENABLE_DEBUG_INFO = NO;
				MTL_FAST_MATH = YES;
				SDKROOT = macosx;
			};
			name = Release;
		};
		E780DC67224AE38B00A38332 /* Debug */ = {
			isa = XCBuildConfiguration;
			buildSettings = {
				CODE_SIGN_STYLE = Automatic;
				PRODUCT_NAME = "$(TARGET_NAME)";
			};
			name = Debug;
		};
		E780DC68224AE38B00A38332 /* Release */ = {
			isa = XCBuildConfiguration;
			buildSettings = {
				CODE_SIGN_STYLE = Automatic;
				PRODUCT_NAME = "$(TARGET_NAME)";
			};
			name = Release;
		};
/* End XCBuildConfiguration section */

/* Begin XCConfigurationList section */
		E780DC5A224AE38B00A38332 /* Build configuration list for PBXProject "a5" */ = {
			isa = XCConfigurationList;
			buildConfigurations = (
				E780DC64224AE38B00A38332 /* Debug */,
				E780DC65224AE38B00A38332 /* Release */,
			);
			defaultConfigurationIsVisible = 0;
			defaultConfigurationName = Release;
		};
		E780DC66224AE38B00A38332 /* Build configuration list for PBXNativeTarget "a5" */ = {
			isa = XCConfigurationList;
			buildConfigurations = (
				E780DC67224AE38B00A38332 /* Debug */,
				E780DC68224AE38B00A38332 /* Release */,
			);
			defaultConfigurationIsVisible = 0;
			defaultConfigurationName = Release;
		};
/* End XCConfigurationList section */
	};
	rootObject = E780DC57224AE38B00A38332 /* Project object */;
}
